<?xml version="1.0" encoding="UTF-8" standalone="yes" ?>
<CodeBlocks_project_file>
	<FileVersion major="1" minor="6" />
	<Project>
		<Option title="SprintManager" />
		<Option pch_mode="2" />
		<Option compiler="gcc" />
		<Build>
			<Target title="Debug">
				<Option output="bin/Debug/SprintManager" prefix_auto="1" extension_auto="1" />
				<Option object_output="obj/Debug/" />
				<Option type="1" />
				<Option compiler="gcc" />
				<Compiler>
					<Add option="-g" />
				</Compiler>
			</Target>
			<Target title="Release">
				<Option output="bin/Release/SprintManager" prefix_auto="1" extension_auto="1" />
				<Option object_output="obj/Release/" />
				<Option type="1" />
				<Option compiler="gcc" />
				<Compiler>
					<Add option="-O2" />
				</Compiler>
				<Linker>
					<Add option="-s" />
				</Linker>
			</Target>
		</Build>
		<Compiler>
			<Add option="-Wall" />
			<Add option="-fexceptions" />
		</Compiler>
		<Unit filename="CMakeLists.txt" />
		<Unit filename="deps/SQLiteCpp/include/SQLiteCpp/Assertion.h" />
		<Unit filename="deps/SQLiteCpp/include/SQLiteCpp/Backup.h" />
		<Unit filename="deps/SQLiteCpp/include/SQLiteCpp/Column.h" />
		<Unit filename="deps/SQLiteCpp/include/SQLiteCpp/Database.h" />
		<Unit filename="deps/SQLiteCpp/include/SQLiteCpp/Exception.h" />
		<Unit filename="deps/SQLiteCpp/include/SQLiteCpp/ExecuteMany.h" />
		<Unit filename="deps/SQLiteCpp/include/SQLiteCpp/SQLiteCpp.h" />
		<Unit filename="deps/SQLiteCpp/include/SQLiteCpp/Savepoint.h" />
		<Unit filename="deps/SQLiteCpp/include/SQLiteCpp/Statement.h" />
		<Unit filename="deps/SQLiteCpp/include/SQLiteCpp/Transaction.h" />
		<Unit filename="deps/SQLiteCpp/include/SQLiteCpp/Utils.h" />
		<Unit filename="deps/SQLiteCpp/include/SQLiteCpp/VariadicBind.h" />
		<Unit filename="deps/SQLiteCpp/src/Backup.cpp" />
		<Unit filename="deps/SQLiteCpp/src/Column.cpp" />
		<Unit filename="deps/SQLiteCpp/src/Database.cpp" />
		<Unit filename="deps/SQLiteCpp/src/Exception.cpp" />
		<Unit filename="deps/SQLiteCpp/src/Savepoint.cpp" />
		<Unit filename="deps/SQLiteCpp/src/Statement.cpp" />
		<Unit filename="deps/SQLiteCpp/src/Transaction.cpp" />
		<Unit filename="deps/sqlite3/sqlite3.c">
			<Option compilerVar="CC" />
		</Unit>
		<Unit filename="deps/sqlite3/sqlite3.h" />
		<Unit filename="src/dominios/Codigo.cpp" />
		<Unit filename="src/dominios/Codigo.hpp" />
		<Unit filename="src/dominios/Data.cpp" />
		<Unit filename="src/dominios/Data.hpp" />
		<Unit filename="src/dominios/Dominio.hpp" />
		<Unit filename="src/dominios/Email.cpp" />
		<Unit filename="src/dominios/Email.hpp" />
		<Unit filename="src/dominios/Estado.cpp" />
		<Unit filename="src/dominios/Estado.hpp" />
		<Unit filename="src/dominios/Mes.hpp" />
		<Unit filename="src/dominios/Nome.cpp" />
		<Unit filename="src/dominios/Nome.hpp" />
		<Unit filename="src/dominios/Papel.cpp" />
		<Unit filename="src/dominios/Papel.hpp" />
		<Unit filename="src/dominios/Prioridade.cpp" />
		<Unit filename="src/dominios/Prioridade.hpp" />
		<Unit filename="src/dominios/Senha.cpp" />
		<Unit filename="src/dominios/Senha.hpp" />
		<Unit filename="src/dominios/Tempo.cpp" />
		<Unit filename="src/dominios/Tempo.hpp" />
		<Unit filename="src/dominios/Texto.cpp" />
		<Unit filename="src/dominios/Texto.hpp" />
		<Unit filename="src/main.cpp" />
		<Unit filename="src/util/DateUtils.cpp" />
		<Unit filename="src/util/DateUtils.hpp" />
		<Unit filename="src/util/StringUtils.cpp" />
		<Unit filename="src/util/StringUtils.hpp" />
		<Extensions />
	</Project>
</CodeBlocks_project_file>
